Microsoft Visual Studio Solution File, Format Version 12.00
# Visual Studio Version 17
VisualStudioVersion = 17.0.31903.59
MinimumVisualStudioVersion = 10.0.40219.1
Project("{FAE04EC0-301F-11D3-BF4B-00C04F79EFBC}") = "ZKAccess", "src\ZKAccess\ZKAccess.csproj", "{2C229A43-8A6F-4D46-BB31-7D68BEA208A1}"
EndProject
Project("{FAE04EC0-301F-11D3-BF4B-00C04F79EFBC}") = "ZKAccess.Tests", "tests\ZKAccess.Tests\ZKAccess.Tests.csproj", "{5F2F9EAF-26F6-43B1-91E1-5322C7B4399A}"
EndProject
Project("{FAE04EC0-301F-11D3-BF4B-00C04F79EFBC}") = "ZKAccess.Console", "samples\ZKAccess.Console\ZKAccess.Console.csproj", "{824C8704-C49D-40EC-9EA6-D65E5BE9DA87}"
EndProject
Global
	GlobalSection(SolutionConfigurationPlatforms) = preSolution
		Debug|Any CPU = Debug|Any CPU
		Release|Any CPU = Release|Any CPU
	EndGlobalSection
	GlobalSection(ProjectConfigurationPlatforms) = postSolution
		{2C229A43-8A6F-4D46-BB31-7D68BEA208A1}.Debug|Any CPU.ActiveCfg = Debug|Any CPU
		{2C229A43-8A6F-4D46-BB31-7D68BEA208A1}.Debug|Any CPU.Build.0 = Debug|Any CPU
		{2C229A43-8A6F-4D46-BB31-7D68BEA208A1}.Release|Any CPU.ActiveCfg = Release|Any CPU
		{2C229A43-8A6F-4D46-BB31-7D68BEA208A1}.Release|Any CPU.Build.0 = Release|Any CPU
		{5F2F9EAF-26F6-43B1-91E1-5322C7B4399A}.Debug|Any CPU.ActiveCfg = Debug|Any CPU
		{5F2F9EAF-26F6-43B1-91E1-5322C7B4399A}.Debug|Any CPU.Build.0 = Debug|Any CPU
		{5F2F9EAF-26F6-43B1-91E1-5322C7B4399A}.Release|Any CPU.ActiveCfg = Release|Any CPU
		{5F2F9EAF-26F6-43B1-91E1-5322C7B4399A}.Release|Any CPU.Build.0 = Release|Any CPU
		{824C8704-C49D-40EC-9EA6-D65E5BE9DA87}.Debug|Any CPU.ActiveCfg = Debug|Any CPU
		{824C8704-C49D-40EC-9EA6-D65E5BE9DA87}.Debug|Any CPU.Build.0 = Debug|Any CPU
		{824C8704-C49D-40EC-9EA6-D65E5BE9DA87}.Release|Any CPU.ActiveCfg = Release|Any CPU
		{824C8704-C49D-40EC-9EA6-D65E5BE9DA87}.Release|Any CPU.Build.0 = Release|Any CPU
	EndGlobalSection
EndGlobal
